
Microsoft Visual Studio Solution File, Format Version 12.00
# Visual Studio 15
VisualStudioVersion = 15.0.27130.2027
MinimumVisualStudioVersion = 10.0.40219.1
Project("{2150E333-8FDC-42A3-9474-1A3956D46DE8}") = "Engine", "Engine", "{37AF93F7-D42D-42C8-B15E-1BF15AE5E160}"
EndProject
Project("{2150E333-8FDC-42A3-9474-1A3956D46DE8}") = "Games", "Games", "{F4B62CF0-8B82-445C-8F8A-CFDBA5AD54DD}"
EndProject
Project("{8BC9CEB8-8B4A-11D0-8D11-00A0C91BC942}") = "UE4", "Intermediate\ProjectFiles\UE4.vcxproj", "{CDF4BE31-9A68-4BAE-AC5B-7C0DA997E1E3}"
EndProject
Project("{8BC9CEB8-8B4A-11D0-8D11-00A0C91BC942}") = "HorrorGame", "Intermediate\ProjectFiles\HorrorGame.vcxproj", "{1F82D9EF-DD9D-4169-A6C0-776AC5207B82}"
EndProject
Global
	GlobalSection(SolutionConfigurationPlatforms) = preSolution
		DebugGame Editor|HTML5 = DebugGame Editor|HTML5
		DebugGame Editor|Win32 = DebugGame Editor|Win32
		DebugGame Editor|Win64 = DebugGame Editor|Win64
		DebugGame|HTML5 = DebugGame|HTML5
		DebugGame|Win32 = DebugGame|Win32
		DebugGame|Win64 = DebugGame|Win64
		Development Editor|HTML5 = Development Editor|HTML5
		Development Editor|Win32 = Development Editor|Win32
		Development Editor|Win64 = Development Editor|Win64
		Development|HTML5 = Development|HTML5
		Development|Win32 = Development|Win32
		Development|Win64 = Development|Win64
		Shipping|HTML5 = Shipping|HTML5
		Shipping|Win32 = Shipping|Win32
		Shipping|Win64 = Shipping|Win64
	EndGlobalSection
	GlobalSection(ProjectConfigurationPlatforms) = postSolution
		{CDF4BE31-9A68-4BAE-AC5B-7C0DA997E1E3}.DebugGame Editor|HTML5.ActiveCfg = BuiltWithUnrealBuildTool|Win32
		{CDF4BE31-9A68-4BAE-AC5B-7C0DA997E1E3}.DebugGame Editor|HTML5.Build.0 = BuiltWithUnrealBuildTool|Win32
		{CDF4BE31-9A68-4BAE-AC5B-7C0DA997E1E3}.DebugGame Editor|Win32.ActiveCfg = BuiltWithUnrealBuildTool|Win32
		{CDF4BE31-9A68-4BAE-AC5B-7C0DA997E1E3}.DebugGame Editor|Win32.Build.0 = BuiltWithUnrealBuildTool|Win32
		{CDF4BE31-9A68-4BAE-AC5B-7C0DA997E1E3}.DebugGame Editor|Win64.ActiveCfg = BuiltWithUnrealBuildTool|Win32
		{CDF4BE31-9A68-4BAE-AC5B-7C0DA997E1E3}.DebugGame Editor|Win64.Build.0 = BuiltWithUnrealBuildTool|Win32
		{CDF4BE31-9A68-4BAE-AC5B-7C0DA997E1E3}.DebugGame|HTML5.ActiveCfg = BuiltWithUnrealBuildTool|Win32
		{CDF4BE31-9A68-4BAE-AC5B-7C0DA997E1E3}.DebugGame|HTML5.Build.0 = BuiltWithUnrealBuildTool|Win32
		{CDF4BE31-9A68-4BAE-AC5B-7C0DA997E1E3}.DebugGame|Win32.ActiveCfg = BuiltWithUnrealBuildTool|Win32
		{CDF4BE31-9A68-4BAE-AC5B-7C0DA997E1E3}.DebugGame|Win32.Build.0 = BuiltWithUnrealBuildTool|Win32
		{CDF4BE31-9A68-4BAE-AC5B-7C0DA997E1E3}.DebugGame|Win64.ActiveCfg = BuiltWithUnrealBuildTool|Win32
		{CDF4BE31-9A68-4BAE-AC5B-7C0DA997E1E3}.DebugGame|Win64.Build.0 = BuiltWithUnrealBuildTool|Win32
		{CDF4BE31-9A68-4BAE-AC5B-7C0DA997E1E3}.Development Editor|HTML5.ActiveCfg = BuiltWithUnrealBuildTool|Win32
		{CDF4BE31-9A68-4BAE-AC5B-7C0DA997E1E3}.Development Editor|HTML5.Build.0 = BuiltWithUnrealBuildTool|Win32
		{CDF4BE31-9A68-4BAE-AC5B-7C0DA997E1E3}.Development Editor|Win32.ActiveCfg = BuiltWithUnrealBuildTool|Win32
		{CDF4BE31-9A68-4BAE-AC5B-7C0DA997E1E3}.Development Editor|Win32.Build.0 = BuiltWithUnrealBuildTool|Win32
		{CDF4BE31-9A68-4BAE-AC5B-7C0DA997E1E3}.Development Editor|Win64.ActiveCfg = BuiltWithUnrealBuildTool|Win32
		{CDF4BE31-9A68-4BAE-AC5B-7C0DA997E1E3}.Development Editor|Win64.Build.0 = BuiltWithUnrealBuildTool|Win32
		{CDF4BE31-9A68-4BAE-AC5B-7C0DA997E1E3}.Development|HTML5.ActiveCfg = BuiltWithUnrealBuildTool|Win32
		{CDF4BE31-9A68-4BAE-AC5B-7C0DA997E1E3}.Development|HTML5.Build.0 = BuiltWithUnrealBuildTool|Win32
		{CDF4BE31-9A68-4BAE-AC5B-7C0DA997E1E3}.Development|Win32.ActiveCfg = BuiltWithUnrealBuildTool|Win32
		{CDF4BE31-9A68-4BAE-AC5B-7C0DA997E1E3}.Development|Win32.Build.0 = BuiltWithUnrealBuildTool|Win32
		{CDF4BE31-9A68-4BAE-AC5B-7C0DA997E1E3}.Development|Win64.ActiveCfg = BuiltWithUnrealBuildTool|Win32
		{CDF4BE31-9A68-4BAE-AC5B-7C0DA997E1E3}.Development|Win64.Build.0 = BuiltWithUnrealBuildTool|Win32
		{CDF4BE31-9A68-4BAE-AC5B-7C0DA997E1E3}.Shipping|HTML5.ActiveCfg = BuiltWithUnrealBuildTool|Win32
		{CDF4BE31-9A68-4BAE-AC5B-7C0DA997E1E3}.Shipping|HTML5.Build.0 = BuiltWithUnrealBuildTool|Win32
		{CDF4BE31-9A68-4BAE-AC5B-7C0DA997E1E3}.Shipping|Win32.ActiveCfg = BuiltWithUnrealBuildTool|Win32
		{CDF4BE31-9A68-4BAE-AC5B-7C0DA997E1E3}.Shipping|Win32.Build.0 = BuiltWithUnrealBuildTool|Win32
		{CDF4BE31-9A68-4BAE-AC5B-7C0DA997E1E3}.Shipping|Win64.ActiveCfg = BuiltWithUnrealBuildTool|Win32
		{CDF4BE31-9A68-4BAE-AC5B-7C0DA997E1E3}.Shipping|Win64.Build.0 = BuiltWithUnrealBuildTool|Win32
		{1F82D9EF-DD9D-4169-A6C0-776AC5207B82}.DebugGame Editor|HTML5.ActiveCfg = HTML5_DebugGame_Editor|Win32
		{1F82D9EF-DD9D-4169-A6C0-776AC5207B82}.DebugGame Editor|Win32.ActiveCfg = DebugGame_Editor|Win32
		{1F82D9EF-DD9D-4169-A6C0-776AC5207B82}.DebugGame Editor|Win64.ActiveCfg = DebugGame_Editor|x64
		{1F82D9EF-DD9D-4169-A6C0-776AC5207B82}.DebugGame Editor|Win64.Build.0 = DebugGame_Editor|x64
		{1F82D9EF-DD9D-4169-A6C0-776AC5207B82}.DebugGame|HTML5.ActiveCfg = HTML5_DebugGame_Game|Win32
		{1F82D9EF-DD9D-4169-A6C0-776AC5207B82}.DebugGame|HTML5.Build.0 = HTML5_DebugGame_Game|Win32
		{1F82D9EF-DD9D-4169-A6C0-776AC5207B82}.DebugGame|Win32.ActiveCfg = DebugGame_Game|Win32
		{1F82D9EF-DD9D-4169-A6C0-776AC5207B82}.DebugGame|Win32.Build.0 = DebugGame_Game|Win32
		{1F82D9EF-DD9D-4169-A6C0-776AC5207B82}.DebugGame|Win64.ActiveCfg = DebugGame_Game|x64
		{1F82D9EF-DD9D-4169-A6C0-776AC5207B82}.DebugGame|Win64.Build.0 = DebugGame_Game|x64
		{1F82D9EF-DD9D-4169-A6C0-776AC5207B82}.Development Editor|HTML5.ActiveCfg = HTML5_Development_Editor|Win32
		{1F82D9EF-DD9D-4169-A6C0-776AC5207B82}.Development Editor|Win32.ActiveCfg = Development_Editor|Win32
		{1F82D9EF-DD9D-4169-A6C0-776AC5207B82}.Development Editor|Win64.ActiveCfg = Development_Editor|x64
		{1F82D9EF-DD9D-4169-A6C0-776AC5207B82}.Development Editor|Win64.Build.0 = Development_Editor|x64
		{1F82D9EF-DD9D-4169-A6C0-776AC5207B82}.Development|HTML5.ActiveCfg = HTML5_Development_Game|Win32
		{1F82D9EF-DD9D-4169-A6C0-776AC5207B82}.Development|HTML5.Build.0 = HTML5_Development_Game|Win32
		{1F82D9EF-DD9D-4169-A6C0-776AC5207B82}.Development|Win32.ActiveCfg = Development_Game|Win32
		{1F82D9EF-DD9D-4169-A6C0-776AC5207B82}.Development|Win32.Build.0 = Development_Game|Win32
		{1F82D9EF-DD9D-4169-A6C0-776AC5207B82}.Development|Win64.ActiveCfg = Development_Game|x64
		{1F82D9EF-DD9D-4169-A6C0-776AC5207B82}.Development|Win64.Build.0 = Development_Game|x64
		{1F82D9EF-DD9D-4169-A6C0-776AC5207B82}.Shipping|HTML5.ActiveCfg = HTML5_Shipping_Game|Win32
		{1F82D9EF-DD9D-4169-A6C0-776AC5207B82}.Shipping|HTML5.Build.0 = HTML5_Shipping_Game|Win32
		{1F82D9EF-DD9D-4169-A6C0-776AC5207B82}.Shipping|Win32.ActiveCfg = Shipping_Game|Win32
		{1F82D9EF-DD9D-4169-A6C0-776AC5207B82}.Shipping|Win32.Build.0 = Shipping_Game|Win32
		{1F82D9EF-DD9D-4169-A6C0-776AC5207B82}.Shipping|Win64.ActiveCfg = Shipping_Game|x64
		{1F82D9EF-DD9D-4169-A6C0-776AC5207B82}.Shipping|Win64.Build.0 = Shipping_Game|x64
	EndGlobalSection
	GlobalSection(SolutionProperties) = preSolution
		HideSolutionNode = FALSE
	EndGlobalSection
	GlobalSection(NestedProjects) = preSolution
		{CDF4BE31-9A68-4BAE-AC5B-7C0DA997E1E3} = {37AF93F7-D42D-42C8-B15E-1BF15AE5E160}
		{1F82D9EF-DD9D-4169-A6C0-776AC5207B82} = {F4B62CF0-8B82-445C-8F8A-CFDBA5AD54DD}
	EndGlobalSection
	GlobalSection(ExtensibilityGlobals) = postSolution
		SolutionGuid = {0EF0A008-AD4A-4ACD-80C5-398FAB428954}
	EndGlobalSection
EndGlobal
